
Microsoft Visual Studio Solution File, Format Version 12.00
# Visual Studio 15
VisualStudioVersion = 15.0.27428.2037
MinimumVisualStudioVersion = 10.0.40219.1
Project("{2150E333-8FDC-42A3-9474-1A3956D46DE8}") = "Tests", "Tests", "{C2859F40-B316-41C1-AB71-264E6B4E9017}"
EndProject
Project("{FAE04EC0-301F-11D3-BF4B-00C04F79EFBC}") = "Katas.Business", "Katas.Business\Katas.Business.csproj", "{70AEBE30-B8D1-4AB5-94DC-CB1F8E2C1CB5}"
EndProject
Project("{FAE04EC0-301F-11D3-BF4B-00C04F79EFBC}") = "Katas.Test", "Tests\Katas.Test\Katas.Test.csproj", "{942AEB20-B557-4239-8ECE-AE3A75B10841}"
EndProject
Global
	GlobalSection(SolutionConfigurationPlatforms) = preSolution
		Debug|Any CPU = Debug|Any CPU
		Release|Any CPU = Release|Any CPU
	EndGlobalSection
	GlobalSection(ProjectConfigurationPlatforms) = postSolution
		{70AEBE30-B8D1-4AB5-94DC-CB1F8E2C1CB5}.Debug|Any CPU.ActiveCfg = Debug|Any CPU
		{70AEBE30-B8D1-4AB5-94DC-CB1F8E2C1CB5}.Debug|Any CPU.Build.0 = Debug|Any CPU
		{70AEBE30-B8D1-4AB5-94DC-CB1F8E2C1CB5}.Release|Any CPU.ActiveCfg = Release|Any CPU
		{70AEBE30-B8D1-4AB5-94DC-CB1F8E2C1CB5}.Release|Any CPU.Build.0 = Release|Any CPU
		{942AEB20-B557-4239-8ECE-AE3A75B10841}.Debug|Any CPU.ActiveCfg = Debug|Any CPU
		{942AEB20-B557-4239-8ECE-AE3A75B10841}.Debug|Any CPU.Build.0 = Debug|Any CPU
		{942AEB20-B557-4239-8ECE-AE3A75B10841}.Release|Any CPU.ActiveCfg = Release|Any CPU
		{942AEB20-B557-4239-8ECE-AE3A75B10841}.Release|Any CPU.Build.0 = Release|Any CPU
	EndGlobalSection
	GlobalSection(SolutionProperties) = preSolution
		HideSolutionNode = FALSE
	EndGlobalSection
	GlobalSection(ExtensibilityGlobals) = postSolution
		SolutionGuid = {6DC4DF4E-3F79-4CA4-9B04-C5474EAE1119}
	EndGlobalSection
EndGlobal
